// !$*UTF8*$!
{
	archiveVersion = 1;
	classes = {
	};
	objectVersion = 50;
	objects = {

/* Begin PBXBuildFile section */
		92578BD7234E57D50001510D /* AppDelegate.swift in Sources */ = {isa = PBXBuildFile; fileRef = 92578BD6234E57D50001510D /* AppDelegate.swift */; };
		92578BD9234E57D50001510D /* SceneDelegate.swift in Sources */ = {isa = PBXBuildFile; fileRef = 92578BD8234E57D50001510D /* SceneDelegate.swift */; };
		92578BDB234E57D50001510D /* ViewController.swift in Sources */ = {isa = PBXBuildFile; fileRef = 92578BDA234E57D50001510D /* ViewController.swift */; };
		92578BDE234E57D50001510D /* Main.storyboard in Resources */ = {isa = PBXBuildFile; fileRef = 92578BDC234E57D50001510D /* Main.storyboard */; };
		92578BE0234E57D70001510D /* Assets.xcassets in Resources */ = {isa = PBXBuildFile; fileRef = 92578BDF234E57D70001510D /* Assets.xcassets */; };
		92578BEE234E57D70001510D /* BabySleepTests.swift in Sources */ = {isa = PBXBuildFile; fileRef = 92578BED234E57D70001510D /* BabySleepTests.swift */; };
/* End PBXBuildFile section */

/* Begin PBXContainerItemProxy section */
		92578BEA234E57D70001510D /* PBXContainerItemProxy */ = {
			isa = PBXContainerItemProxy;
			containerPortal = 92578BCB234E57D50001510D /* Project object */;
			proxyType = 1;
			remoteGlobalIDString = 92578BD2234E57D50001510D;
			remoteInfo = BabySleep;
		};
/* End PBXContainerItemProxy section */

/* Begin PBXFileReference section */
		92578BD3234E57D50001510D /* BabySleep.app */ = {isa = PBXFileReference; explicitFileType = wrapper.application; includeInIndex = 0; path = BabySleep.app; sourceTree = BUILT_PRODUCTS_DIR; };
		92578BD6234E57D50001510D /* AppDelegate.swift */ = {isa = PBXFileReference; lastKnownFileType = sourcecode.swift; path = AppDelegate.swift; sourceTree = "<group>"; };
		92578BD8234E57D50001510D /* SceneDelegate.swift */ = {isa = PBXFileReference; lastKnownFileType = sourcecode.swift; path = SceneDelegate.swift; sourceTree = "<group>"; };
		92578BDA234E57D50001510D /* ViewController.swift */ = {isa = PBXFileReference; lastKnownFileType = sourcecode.swift; path = ViewController.swift; sourceTree = "<group>"; };
		92578BDD234E57D50001510D /* Base */ = {isa = PBXFileReference; lastKnownFileType = file.storyboard; name = Base; path = Base.lproj/Main.storyboard; sourceTree = "<group>"; };
		92578BDF234E57D70001510D /* Assets.xcassets */ = {isa = PBXFileReference; lastKnownFileType = folder.assetcatalog; path = Assets.xcassets; sourceTree = "<group>"; };
		92578BE4234E57D70001510D /* Info.plist */ = {isa = PBXFileReference; lastKnownFileType = text.plist.xml; path = Info.plist; sourceTree = "<group>"; };
		92578BE9234E57D70001510D /* BabySleepTests.xctest */ = {isa = PBXFileReference; explicitFileType = wrapper.cfbundle; includeInIndex = 0; path = BabySleepTests.xctest; sourceTree = BUILT_PRODUCTS_DIR; };
		92578BED234E57D70001510D /* BabySleepTests.swift */ = {isa = PBXFileReference; lastKnownFileType = sourcecode.swift; path = BabySleepTests.swift; sourceTree = "<group>"; };
		92578BEF234E57D70001510D /* Info.plist */ = {isa = PBXFileReference; lastKnownFileType = text.plist.xml; path = Info.plist; sourceTree = "<group>"; };
/* End PBXFileReference section */

/* Begin PBXFrameworksBuildPhase section */
		92578BD0234E57D50001510D /* Frameworks */ = {
			isa = PBXFrameworksBuildPhase;
			buildActionMask = 2147483647;
			files = (
			);
			runOnlyForDeploymentPostprocessing = 0;
		};
		92578BE6234E57D70001510D /* Frameworks */ = {
			isa = PBXFrameworksBuildPhase;
			buildActionMask = 2147483647;
			files = (
			);
			runOnlyForDeploymentPostprocessing = 0;
		};
/* End PBXFrameworksBuildPhase section */

/* Begin PBXGroup section */
		92578BCA234E57D50001510D = {
			isa = PBXGroup;
			children = (
				92578BD5234E57D50001510D /* BabySleep */,
				92578BEC234E57D70001510D /* BabySleepTests */,
				92578BD4234E57D50001510D /* Products */,
			);
			sourceTree = "<group>";
		};
		92578BD4234E57D50001510D /* Products */ = {
			isa = PBXGroup;
			children = (
				92578BD3234E57D50001510D /* BabySleep.app */,
				92578BE9234E57D70001510D /* BabySleepTests.xctest */,
			);
			name = Products;
			sourceTree = "<group>";
		};
		92578BD5234E57D50001510D /* BabySleep */ = {
			isa = PBXGroup;
			children = (
				92F6C62C234E7C5600B17DB4 /* Application */,
				92F6C635234E7DAE00B17DB4 /* Resources */,
				92578BD6234E57D50001510D /* AppDelegate.swift */,
				92578BD8234E57D50001510D /* SceneDelegate.swift */,
				92578BDA234E57D50001510D /* ViewController.swift */,
				92578BDC234E57D50001510D /* Main.storyboard */,
				92578BDF234E57D70001510D /* Assets.xcassets */,
				92578BE4234E57D70001510D /* Info.plist */,
			);
			path = BabySleep;
			sourceTree = "<group>";
		};
		92578BEC234E57D70001510D /* BabySleepTests */ = {
			isa = PBXGroup;
			children = (
				92578BED234E57D70001510D /* BabySleepTests.swift */,
				92578BEF234E57D70001510D /* Info.plist */,
			);
			path = BabySleepTests;
			sourceTree = "<group>";
		};
		92F6C62C234E7C5600B17DB4 /* Application */ = {
			isa = PBXGroup;
			children = (
				92F6C62D234E7C7800B17DB4 /* Common */,
				92F6C634234E7D6800B17DB4 /* Flow */,
				92F6C633234E7D5900B17DB4 /* Entities */,
			);
			path = Application;
			sourceTree = "<group>";
		};
		92F6C62D234E7C7800B17DB4 /* Common */ = {
			isa = PBXGroup;
			children = (
				92F6C62E234E7C9B00B17DB4 /* Extensions */,
				92F6C62F234E7CAF00B17DB4 /* Lib */,
				92F6C632234E7D0800B17DB4 /* DBAccess */,
				92F6C631234E7CF000B17DB4 /* Coordinators */,
				92F6C630234E7CE200B17DB4 /* Factories */,
			);
			path = Common;
			sourceTree = "<group>";
		};
		92F6C62E234E7C9B00B17DB4 /* Extensions */ = {
			isa = PBXGroup;
			children = (
			);
			path = Extensions;
			sourceTree = "<group>";
		};
		92F6C62F234E7CAF00B17DB4 /* Lib */ = {
			isa = PBXGroup;
			children = (
			);
			path = Lib;
			sourceTree = "<group>";
		};
		92F6C630234E7CE200B17DB4 /* Factories */ = {
			isa = PBXGroup;
			children = (
			);
			path = Factories;
			sourceTree = "<group>";
		};
		92F6C631234E7CF000B17DB4 /* Coordinators */ = {
			isa = PBXGroup;
			children = (
			);
			path = Coordinators;
			sourceTree = "<group>";
		};
		92F6C632234E7D0800B17DB4 /* DBAccess */ = {
			isa = PBXGroup;
			children = (
			);
			path = DBAccess;
			sourceTree = "<group>";
		};
		92F6C633234E7D5900B17DB4 /* Entities */ = {
			isa = PBXGroup;
			children = (
			);
			path = Entities;
			sourceTree = "<group>";
		};
		92F6C634234E7D6800B17DB4 /* Flow */ = {
			isa = PBXGroup;
			children = (
			);
			path = Flow;
			sourceTree = "<group>";
		};
		92F6C635234E7DAE00B17DB4 /* Resources */ = {
			isa = PBXGroup;
			children = (
			);
			path = Resources;
			sourceTree = "<group>";
		};
/* End PBXGroup section */

/* Begin PBXNativeTarget section */
		92578BD2234E57D50001510D /* BabySleep */ = {
			isa = PBXNativeTarget;
			buildConfigurationList = 92578BF2234E57D70001510D /* Build configuration list for PBXNativeTarget "BabySleep" */;
			buildPhases = (
				92578BCF234E57D50001510D /* Sources */,
				92578BD0234E57D50001510D /* Frameworks */,
				92578BD1234E57D50001510D /* Resources */,
			);
			buildRules = (
			);
			dependencies = (
			);
			name = BabySleep;
			productName = BabySleep;
			productReference = 92578BD3234E57D50001510D /* BabySleep.app */;
			productType = "com.apple.product-type.application";
		};
		92578BE8234E57D70001510D /* BabySleepTests */ = {
			isa = PBXNativeTarget;
			buildConfigurationList = 92578BF5234E57D70001510D /* Build configuration list for PBXNativeTarget "BabySleepTests" */;
			buildPhases = (
				92578BE5234E57D70001510D /* Sources */,
				92578BE6234E57D70001510D /* Frameworks */,
				92578BE7234E57D70001510D /* Resources */,
			);
			buildRules = (
			);
			dependencies = (
				92578BEB234E57D70001510D /* PBXTargetDependency */,
			);
			name = BabySleepTests;
			productName = BabySleepTests;
			productReference = 92578BE9234E57D70001510D /* BabySleepTests.xctest */;
			productType = "com.apple.product-type.bundle.unit-test";
		};
/* End PBXNativeTarget section */

/* Begin PBXProject section */
		92578BCB234E57D50001510D /* Project object */ = {
			isa = PBXProject;
			attributes = {
				LastSwiftUpdateCheck = 1100;
				LastUpgradeCheck = 1100;
				ORGANIZATIONNAME = "Денис Львович";
				TargetAttributes = {
					92578BD2234E57D50001510D = {
						CreatedOnToolsVersion = 11.0;
					};
					92578BE8234E57D70001510D = {
						CreatedOnToolsVersion = 11.0;
						TestTargetID = 92578BD2234E57D50001510D;
					};
				};
			};
			buildConfigurationList = 92578BCE234E57D50001510D /* Build configuration list for PBXProject "BabySleep" */;
			compatibilityVersion = "Xcode 9.3";
			developmentRegion = en;
			hasScannedForEncodings = 0;
			knownRegions = (
				en,
				Base,
			);
			mainGroup = 92578BCA234E57D50001510D;
			productRefGroup = 92578BD4234E57D50001510D /* Products */;
			projectDirPath = "";
			projectRoot = "";
			targets = (
				92578BD2234E57D50001510D /* BabySleep */,
				92578BE8234E57D70001510D /* BabySleepTests */,
			);
		};
/* End PBXProject section */

/* Begin PBXResourcesBuildPhase section */
		92578BD1234E57D50001510D /* Resources */ = {
			isa = PBXResourcesBuildPhase;
			buildActionMask = 2147483647;
			files = (
				92578BE0234E57D70001510D /* Assets.xcassets in Resources */,
				92578BDE234E57D50001510D /* Main.storyboard in Resources */,
			);
			runOnlyForDeploymentPostprocessing = 0;
		};
		92578BE7234E57D70001510D /* Resources */ = {
			isa = PBXResourcesBuildPhase;
			buildActionMask = 2147483647;
			files = (
			);
			runOnlyForDeploymentPostprocessing = 0;
		};
/* End PBXResourcesBuildPhase section */

/* Begin PBXSourcesBuildPhase section */
		92578BCF234E57D50001510D /* Sources */ = {
			isa = PBXSourcesBuildPhase;
			buildActionMask = 2147483647;
			files = (
				92578BDB234E57D50001510D /* ViewController.swift in Sources */,
				92578BD7234E57D50001510D /* AppDelegate.swift in Sources */,
				92578BD9234E57D50001510D /* SceneDelegate.swift in Sources */,
			);
			runOnlyForDeploymentPostprocessing = 0;
		};
		92578BE5234E57D70001510D /* Sources */ = {
			isa = PBXSourcesBuildPhase;
			buildActionMask = 2147483647;
			files = (
				92578BEE234E57D70001510D /* BabySleepTests.swift in Sources */,
			);
			runOnlyForDeploymentPostprocessing = 0;
		};
/* End PBXSourcesBuildPhase section */

/* Begin PBXTargetDependency section */
		92578BEB234E57D70001510D /* PBXTargetDependency */ = {
			isa = PBXTargetDependency;
			target = 92578BD2234E57D50001510D /* BabySleep */;
			targetProxy = 92578BEA234E57D70001510D /* PBXContainerItemProxy */;
		};
/* End PBXTargetDependency section */

/* Begin PBXVariantGroup section */
		92578BDC234E57D50001510D /* Main.storyboard */ = {
			isa = PBXVariantGroup;
			children = (
				92578BDD234E57D50001510D /* Base */,
			);
			name = Main.storyboard;
			sourceTree = "<group>";
		};
/* End PBXVariantGroup section */

/* Begin XCBuildConfiguration section */
		92578BF0234E57D70001510D /* Debug */ = {
			isa = XCBuildConfiguration;
			buildSettings = {
				ALWAYS_SEARCH_USER_PATHS = NO;
				CLANG_ANALYZER_NONNULL = YES;
				CLANG_ANALYZER_NUMBER_OBJECT_CONVERSION = YES_AGGRESSIVE;
				CLANG_CXX_LANGUAGE_STANDARD = "gnu++14";
				CLANG_CXX_LIBRARY = "libc++";
				CLANG_ENABLE_MODULES = YES;
				CLANG_ENABLE_OBJC_ARC = YES;
				CLANG_ENABLE_OBJC_WEAK = YES;
				CLANG_WARN_BLOCK_CAPTURE_AUTORELEASING = YES;
				CLANG_WARN_BOOL_CONVERSION = YES;
				CLANG_WARN_COMMA = YES;
				CLANG_WARN_CONSTANT_CONVERSION = YES;
				CLANG_WARN_DEPRECATED_OBJC_IMPLEMENTATIONS = YES;
				CLANG_WARN_DIRECT_OBJC_ISA_USAGE = YES_ERROR;
				CLANG_WARN_DOCUMENTATION_COMMENTS = YES;
				CLANG_WARN_EMPTY_BODY = YES;
				CLANG_WARN_ENUM_CONVERSION = YES;
				CLANG_WARN_INFINITE_RECURSION = YES;
				CLANG_WARN_INT_CONVERSION = YES;
				CLANG_WARN_NON_LITERAL_NULL_CONVERSION = YES;
				CLANG_WARN_OBJC_IMPLICIT_RETAIN_SELF = YES;
				CLANG_WARN_OBJC_LITERAL_CONVERSION = YES;
				CLANG_WARN_OBJC_ROOT_CLASS = YES_ERROR;
				CLANG_WARN_RANGE_LOOP_ANALYSIS = YES;
				CLANG_WARN_STRICT_PROTOTYPES = YES;
				CLANG_WARN_SUSPICIOUS_MOVE = YES;
				CLANG_WARN_UNGUARDED_AVAILABILITY = YES_AGGRESSIVE;
				CLANG_WARN_UNREACHABLE_CODE = YES;
				CLANG_WARN__DUPLICATE_METHOD_MATCH = YES;
				COPY_PHASE_STRIP = NO;
				DEBUG_INFORMATION_FORMAT = dwarf;
				ENABLE_STRICT_OBJC_MSGSEND = YES;
				ENABLE_TESTABILITY = YES;
				GCC_C_LANGUAGE_STANDARD = gnu11;
				GCC_DYNAMIC_NO_PIC = NO;
				GCC_NO_COMMON_BLOCKS = YES;
				GCC_OPTIMIZATION_LEVEL = 0;
				GCC_PREPROCESSOR_DEFINITIONS = (
					"DEBUG=1",
					"$(inherited)",
				);
				GCC_WARN_64_TO_32_BIT_CONVERSION = YES;
				GCC_WARN_ABOUT_RETURN_TYPE = YES_ERROR;
				GCC_WARN_UNDECLARED_SELECTOR = YES;
				GCC_WARN_UNINITIALIZED_AUTOS = YES_AGGRESSIVE;
				GCC_WARN_UNUSED_FUNCTION = YES;
				GCC_WARN_UNUSED_VARIABLE = YES;
				IPHONEOS_DEPLOYMENT_TARGET = 13.0;
				MTL_ENABLE_DEBUG_INFO = INCLUDE_SOURCE;
				MTL_FAST_MATH = YES;
				ONLY_ACTIVE_ARCH = YES;
				SDKROOT = iphoneos;
				SWIFT_ACTIVE_COMPILATION_CONDITIONS = DEBUG;
				SWIFT_OPTIMIZATION_LEVEL = "-Onone";
			};
			name = Debug;
		};
		92578BF1234E57D70001510D /* Release */ = {
			isa = XCBuildConfiguration;
			buildSettings = {
				ALWAYS_SEARCH_USER_PATHS = NO;
				CLANG_ANALYZER_NONNULL = YES;
				CLANG_ANALYZER_NUMBER_OBJECT_CONVERSION = YES_AGGRESSIVE;
				CLANG_CXX_LANGUAGE_STANDARD = "gnu++14";
				CLANG_CXX_LIBRARY = "libc++";
				CLANG_ENABLE_MODULES = YES;
				CLANG_ENABLE_OBJC_ARC = YES;
				CLANG_ENABLE_OBJC_WEAK = YES;
				CLANG_WARN_BLOCK_CAPTURE_AUTORELEASING = YES;
				CLANG_WARN_BOOL_CONVERSION = YES;
				CLANG_WARN_COMMA = YES;
				CLANG_WARN_CONSTANT_CONVERSION = YES;
				CLANG_WARN_DEPRECATED_OBJC_IMPLEMENTATIONS = YES;
				CLANG_WARN_DIRECT_OBJC_ISA_USAGE = YES_ERROR;
				CLANG_WARN_DOCUMENTATION_COMMENTS = YES;
				CLANG_WARN_EMPTY_BODY = YES;
				CLANG_WARN_ENUM_CONVERSION = YES;
				CLANG_WARN_INFINITE_RECURSION = YES;
				CLANG_WARN_INT_CONVERSION = YES;
				CLANG_WARN_NON_LITERAL_NULL_CONVERSION = YES;
				CLANG_WARN_OBJC_IMPLICIT_RETAIN_SELF = YES;
				CLANG_WARN_OBJC_LITERAL_CONVERSION = YES;
				CLANG_WARN_OBJC_ROOT_CLASS = YES_ERROR;
				CLANG_WARN_RANGE_LOOP_ANALYSIS = YES;
				CLANG_WARN_STRICT_PROTOTYPES = YES;
				CLANG_WARN_SUSPICIOUS_MOVE = YES;
				CLANG_WARN_UNGUARDED_AVAILABILITY = YES_AGGRESSIVE;
				CLANG_WARN_UNREACHABLE_CODE = YES;
				CLANG_WARN__DUPLICATE_METHOD_MATCH = YES;
				COPY_PHASE_STRIP = NO;
				DEBUG_INFORMATION_FORMAT = "dwarf-with-dsym";
				ENABLE_NS_ASSERTIONS = NO;
				ENABLE_STRICT_OBJC_MSGSEND = YES;
				GCC_C_LANGUAGE_STANDARD = gnu11;
				GCC_NO_COMMON_BLOCKS = YES;
				GCC_WARN_64_TO_32_BIT_CONVERSION = YES;
				GCC_WARN_ABOUT_RETURN_TYPE = YES_ERROR;
				GCC_WARN_UNDECLARED_SELECTOR = YES;
				GCC_WARN_UNINITIALIZED_AUTOS = YES_AGGRESSIVE;
				GCC_WARN_UNUSED_FUNCTION = YES;
				GCC_WARN_UNUSED_VARIABLE = YES;
				IPHONEOS_DEPLOYMENT_TARGET = 13.0;
				MTL_ENABLE_DEBUG_INFO = NO;
				MTL_FAST_MATH = YES;
				SDKROOT = iphoneos;
				SWIFT_COMPILATION_MODE = wholemodule;
				SWIFT_OPTIMIZATION_LEVEL = "-O";
				VALIDATE_PRODUCT = YES;
			};
			name = Release;
		};
		92578BF3234E57D70001510D /* Debug */ = {
			isa = XCBuildConfiguration;
			buildSettings = {
				ASSETCATALOG_COMPILER_APPICON_NAME = AppIcon;
				CODE_SIGN_STYLE = Automatic;
				DEVELOPMENT_TEAM = Y6G74A59K6;
				INFOPLIST_FILE = BabySleep/Info.plist;
				IPHONEOS_DEPLOYMENT_TARGET = 12.4;
				LD_RUNPATH_SEARCH_PATHS = (
					"$(inherited)",
					"@executable_path/Frameworks",
				);
				PRODUCT_BUNDLE_IDENTIFIER = ru.techranch.BabySleep;
				PRODUCT_NAME = "$(TARGET_NAME)";
				SWIFT_VERSION = 5.0;
				TARGETED_DEVICE_FAMILY = 1;
			};
			name = Debug;
		};
		92578BF4234E57D70001510D /* Release */ = {
			isa = XCBuildConfiguration;
			buildSettings = {
				ASSETCATALOG_COMPILER_APPICON_NAME = AppIcon;
				CODE_SIGN_STYLE = Automatic;
				DEVELOPMENT_TEAM = Y6G74A59K6;
				INFOPLIST_FILE = BabySleep/Info.plist;
				IPHONEOS_DEPLOYMENT_TARGET = 12.4;
				LD_RUNPATH_SEARCH_PATHS = (
					"$(inherited)",
					"@executable_path/Frameworks",
				);
				PRODUCT_BUNDLE_IDENTIFIER = ru.techranch.BabySleep;
				PRODUCT_NAME = "$(TARGET_NAME)";
				SWIFT_VERSION = 5.0;
				TARGETED_DEVICE_FAMILY = 1;
			};
			name = Release;
		};
		92578BF6234E57D70001510D /* Debug */ = {
			isa = XCBuildConfiguration;
			buildSettings = {
				ALWAYS_EMBED_SWIFT_STANDARD_LIBRARIES = YES;
				BUNDLE_LOADER = "$(TEST_HOST)";
				CODE_SIGN_STYLE = Automatic;
				DEVELOPMENT_TEAM = Y6G74A59K6;
				INFOPLIST_FILE = BabySleepTests/Info.plist;
				IPHONEOS_DEPLOYMENT_TARGET = 13.0;
				LD_RUNPATH_SEARCH_PATHS = (
					"$(inherited)",
					"@executable_path/Frameworks",
					"@loader_path/Frameworks",
				);
				PRODUCT_BUNDLE_IDENTIFIER = ru.techranch.BabySleepTests;
				PRODUCT_NAME = "$(TARGET_NAME)";
				SWIFT_VERSION = 5.0;
				TARGETED_DEVICE_FAMILY = "1,2";
				TEST_HOST = "$(BUILT_PRODUCTS_DIR)/BabySleep.app/BabySleep";
			};
			name = Debug;
		};
		92578BF7234E57D70001510D /* Release */ = {
			isa = XCBuildConfiguration;
			buildSettings = {
				ALWAYS_EMBED_SWIFT_STANDARD_LIBRARIES = YES;
				BUNDLE_LOADER = "$(TEST_HOST)";
				CODE_SIGN_STYLE = Automatic;
				DEVELOPMENT_TEAM = Y6G74A59K6;
				INFOPLIST_FILE = BabySleepTests/Info.plist;
				IPHONEOS_DEPLOYMENT_TARGET = 13.0;
				LD_RUNPATH_SEARCH_PATHS = (
					"$(inherited)",
					"@executable_path/Frameworks",
					"@loader_path/Frameworks",
				);
				PRODUCT_BUNDLE_IDENTIFIER = ru.techranch.BabySleepTests;
				PRODUCT_NAME = "$(TARGET_NAME)";
				SWIFT_VERSION = 5.0;
				TARGETED_DEVICE_FAMILY = "1,2";
				TEST_HOST = "$(BUILT_PRODUCTS_DIR)/BabySleep.app/BabySleep";
			};
			name = Release;
		};
/* End XCBuildConfiguration section */

/* Begin XCConfigurationList section */
		92578BCE234E57D50001510D /* Build configuration list for PBXProject "BabySleep" */ = {
			isa = XCConfigurationList;
			buildConfigurations = (
				92578BF0234E57D70001510D /* Debug */,
				92578BF1234E57D70001510D /* Release */,
			);
			defaultConfigurationIsVisible = 0;
			defaultConfigurationName = Release;
		};
		92578BF2234E57D70001510D /* Build configuration list for PBXNativeTarget "BabySleep" */ = {
			isa = XCConfigurationList;
			buildConfigurations = (
				92578BF3234E57D70001510D /* Debug */,
				92578BF4234E57D70001510D /* Release */,
			);
			defaultConfigurationIsVisible = 0;
			defaultConfigurationName = Release;
		};
		92578BF5234E57D70001510D /* Build configuration list for PBXNativeTarget "BabySleepTests" */ = {
			isa = XCConfigurationList;
			buildConfigurations = (
				92578BF6234E57D70001510D /* Debug */,
				92578BF7234E57D70001510D /* Release */,
			);
			defaultConfigurationIsVisible = 0;
			defaultConfigurationName = Release;
		};
/* End XCConfigurationList section */
	};
	rootObject = 92578BCB234E57D50001510D /* Project object */;
}
