// !$*UTF8*$!
{
	archiveVersion = 1;
	classes = {
	};
	objectVersion = 51;
	objects = {

/* Begin PBXBuildFile section */
		214F2DB0C9C0C1F26A8E3E7D /* Pods_BabySleepTests.framework in Frameworks */ = {isa = PBXBuildFile; fileRef = 1A5DE871D5B07CDA17D165BA /* Pods_BabySleepTests.framework */; };
		611ECF82420A4B4A8D704322 /* Pods_BabySleep.framework in Frameworks */ = {isa = PBXBuildFile; fileRef = DF6852958183FD878FBB0D77 /* Pods_BabySleep.framework */; };
		698EB6C223641CE100D46EC2 /* WalkthroughPageViewController.swift in Sources */ = {isa = PBXBuildFile; fileRef = 698EB6C123641CE000D46EC2 /* WalkthroughPageViewController.swift */; };
		698EB6C423641D3B00D46EC2 /* PageModel.swift in Sources */ = {isa = PBXBuildFile; fileRef = 698EB6C323641D3B00D46EC2 /* PageModel.swift */; };
		69E62AB72369588D0008A1AD /* WalkthroughViewController.swift in Sources */ = {isa = PBXBuildFile; fileRef = 69E62AB62369588D0008A1AD /* WalkthroughViewController.swift */; };
		925749C32355DBB200E8D22B /* GoogleService-Info.plist in Resources */ = {isa = PBXBuildFile; fileRef = 925749C22355DBB100E8D22B /* GoogleService-Info.plist */; };
		92578BD7234E57D50001510D /* AppDelegate.swift in Sources */ = {isa = PBXBuildFile; fileRef = 92578BD6234E57D50001510D /* AppDelegate.swift */; };
		92578BDB234E57D50001510D /* ViewController.swift in Sources */ = {isa = PBXBuildFile; fileRef = 92578BDA234E57D50001510D /* ViewController.swift */; };
		92578BE0234E57D70001510D /* Assets.xcassets in Resources */ = {isa = PBXBuildFile; fileRef = 92578BDF234E57D70001510D /* Assets.xcassets */; };
		92578BEE234E57D70001510D /* BabySleepTests.swift in Sources */ = {isa = PBXBuildFile; fileRef = 92578BED234E57D70001510D /* BabySleepTests.swift */; };
		92A6884B234EB0470030A84D /* AnotherViewController.swift in Sources */ = {isa = PBXBuildFile; fileRef = 92A6884A234EB0470030A84D /* AnotherViewController.swift */; };
		92A6884D234EB0580030A84D /* AnotherViewModel.swift in Sources */ = {isa = PBXBuildFile; fileRef = 92A6884C234EB0580030A84D /* AnotherViewModel.swift */; };
		92F6C637234EA2B000B17DB4 /* RealmAccess.swift in Sources */ = {isa = PBXBuildFile; fileRef = 92F6C636234EA2B000B17DB4 /* RealmAccess.swift */; };
		92F6C63A234EA34800B17DB4 /* Identifiable.swift in Sources */ = {isa = PBXBuildFile; fileRef = 92F6C639234EA34800B17DB4 /* Identifiable.swift */; };
		92F6C63D234EA3BC00B17DB4 /* AlertCenter.swift in Sources */ = {isa = PBXBuildFile; fileRef = 92F6C63C234EA3BC00B17DB4 /* AlertCenter.swift */; };
		92F6C63F234EA3F400B17DB4 /* NotificationAlertType.swift in Sources */ = {isa = PBXBuildFile; fileRef = 92F6C63E234EA3F400B17DB4 /* NotificationAlertType.swift */; };
		92F6C642234EA63E00B17DB4 /* SampleCoordinator.swift in Sources */ = {isa = PBXBuildFile; fileRef = 92F6C641234EA63E00B17DB4 /* SampleCoordinator.swift */; };
		92F6C647234EA83F00B17DB4 /* CoordinatorFactory.swift in Sources */ = {isa = PBXBuildFile; fileRef = 92F6C646234EA83F00B17DB4 /* CoordinatorFactory.swift */; };
		92F6C649234EA88700B17DB4 /* ViewControllerFactory.swift in Sources */ = {isa = PBXBuildFile; fileRef = 92F6C648234EA88700B17DB4 /* ViewControllerFactory.swift */; };
		92F6C64B234EA8DA00B17DB4 /* ViewModelFactory.swift in Sources */ = {isa = PBXBuildFile; fileRef = 92F6C64A234EA8DA00B17DB4 /* ViewModelFactory.swift */; };
		92F6C64D234EA91B00B17DB4 /* ViewModel.swift in Sources */ = {isa = PBXBuildFile; fileRef = 92F6C64C234EA91B00B17DB4 /* ViewModel.swift */; };
		92F6C64F234EAA7800B17DB4 /* CoordinatorFactoryDev.swift in Sources */ = {isa = PBXBuildFile; fileRef = 92F6C64E234EAA7800B17DB4 /* CoordinatorFactoryDev.swift */; };
		92F6C651234EAA8F00B17DB4 /* ViewControllerFactoryDev.swift in Sources */ = {isa = PBXBuildFile; fileRef = 92F6C650234EAA8F00B17DB4 /* ViewControllerFactoryDev.swift */; };
		92F6C653234EAAA100B17DB4 /* ViewModelFactoryDev.swift in Sources */ = {isa = PBXBuildFile; fileRef = 92F6C652234EAAA100B17DB4 /* ViewModelFactoryDev.swift */; };
/* End PBXBuildFile section */

/* Begin PBXContainerItemProxy section */
		92578BEA234E57D70001510D /* PBXContainerItemProxy */ = {
			isa = PBXContainerItemProxy;
			containerPortal = 92578BCB234E57D50001510D /* Project object */;
			proxyType = 1;
			remoteGlobalIDString = 92578BD2234E57D50001510D;
			remoteInfo = BabySleep;
		};
/* End PBXContainerItemProxy section */

/* Begin PBXFileReference section */
		038B3E0052113C311233C886 /* Pods-BabySleepTests.release.xcconfig */ = {isa = PBXFileReference; includeInIndex = 1; lastKnownFileType = text.xcconfig; name = "Pods-BabySleepTests.release.xcconfig"; path = "Target Support Files/Pods-BabySleepTests/Pods-BabySleepTests.release.xcconfig"; sourceTree = "<group>"; };
		1A5DE871D5B07CDA17D165BA /* Pods_BabySleepTests.framework */ = {isa = PBXFileReference; explicitFileType = wrapper.framework; includeInIndex = 0; path = Pods_BabySleepTests.framework; sourceTree = BUILT_PRODUCTS_DIR; };
		1F28BE80B5ACDB2CBC2330E4 /* Pods-BabySleep.release.xcconfig */ = {isa = PBXFileReference; includeInIndex = 1; lastKnownFileType = text.xcconfig; name = "Pods-BabySleep.release.xcconfig"; path = "Target Support Files/Pods-BabySleep/Pods-BabySleep.release.xcconfig"; sourceTree = "<group>"; };
		698EB6C123641CE000D46EC2 /* WalkthroughPageViewController.swift */ = {isa = PBXFileReference; lastKnownFileType = sourcecode.swift; path = WalkthroughPageViewController.swift; sourceTree = "<group>"; };
		698EB6C323641D3B00D46EC2 /* PageModel.swift */ = {isa = PBXFileReference; lastKnownFileType = sourcecode.swift; path = PageModel.swift; sourceTree = "<group>"; };
		69E62AB62369588D0008A1AD /* WalkthroughViewController.swift */ = {isa = PBXFileReference; lastKnownFileType = sourcecode.swift; path = WalkthroughViewController.swift; sourceTree = "<group>"; };
		8D1ACA6541F2205D401701CF /* Pods-BabySleepTests.debug.xcconfig */ = {isa = PBXFileReference; includeInIndex = 1; lastKnownFileType = text.xcconfig; name = "Pods-BabySleepTests.debug.xcconfig"; path = "Target Support Files/Pods-BabySleepTests/Pods-BabySleepTests.debug.xcconfig"; sourceTree = "<group>"; };
		925749C22355DBB100E8D22B /* GoogleService-Info.plist */ = {isa = PBXFileReference; fileEncoding = 4; lastKnownFileType = text.plist.xml; path = "GoogleService-Info.plist"; sourceTree = "<group>"; };
		92578BD3234E57D50001510D /* BabySleep.app */ = {isa = PBXFileReference; explicitFileType = wrapper.application; includeInIndex = 0; path = BabySleep.app; sourceTree = BUILT_PRODUCTS_DIR; };
		92578BD6234E57D50001510D /* AppDelegate.swift */ = {isa = PBXFileReference; lastKnownFileType = sourcecode.swift; path = AppDelegate.swift; sourceTree = "<group>"; };
		92578BDA234E57D50001510D /* ViewController.swift */ = {isa = PBXFileReference; lastKnownFileType = sourcecode.swift; path = ViewController.swift; sourceTree = "<group>"; };
		92578BDF234E57D70001510D /* Assets.xcassets */ = {isa = PBXFileReference; lastKnownFileType = folder.assetcatalog; path = Assets.xcassets; sourceTree = "<group>"; };
		92578BE4234E57D70001510D /* Info.plist */ = {isa = PBXFileReference; lastKnownFileType = text.plist.xml; path = Info.plist; sourceTree = "<group>"; };
		92578BE9234E57D70001510D /* BabySleepTests.xctest */ = {isa = PBXFileReference; explicitFileType = wrapper.cfbundle; includeInIndex = 0; path = BabySleepTests.xctest; sourceTree = BUILT_PRODUCTS_DIR; };
		92578BED234E57D70001510D /* BabySleepTests.swift */ = {isa = PBXFileReference; lastKnownFileType = sourcecode.swift; path = BabySleepTests.swift; sourceTree = "<group>"; };
		92578BEF234E57D70001510D /* Info.plist */ = {isa = PBXFileReference; lastKnownFileType = text.plist.xml; path = Info.plist; sourceTree = "<group>"; };
		92A6884A234EB0470030A84D /* AnotherViewController.swift */ = {isa = PBXFileReference; lastKnownFileType = sourcecode.swift; path = AnotherViewController.swift; sourceTree = "<group>"; };
		92A6884C234EB0580030A84D /* AnotherViewModel.swift */ = {isa = PBXFileReference; lastKnownFileType = sourcecode.swift; path = AnotherViewModel.swift; sourceTree = "<group>"; };
		92F6C636234EA2B000B17DB4 /* RealmAccess.swift */ = {isa = PBXFileReference; lastKnownFileType = sourcecode.swift; path = RealmAccess.swift; sourceTree = "<group>"; };
		92F6C639234EA34800B17DB4 /* Identifiable.swift */ = {isa = PBXFileReference; fileEncoding = 4; lastKnownFileType = sourcecode.swift; path = Identifiable.swift; sourceTree = "<group>"; };
		92F6C63C234EA3BC00B17DB4 /* AlertCenter.swift */ = {isa = PBXFileReference; lastKnownFileType = sourcecode.swift; path = AlertCenter.swift; sourceTree = "<group>"; };
		92F6C63E234EA3F400B17DB4 /* NotificationAlertType.swift */ = {isa = PBXFileReference; lastKnownFileType = sourcecode.swift; path = NotificationAlertType.swift; sourceTree = "<group>"; };
		92F6C641234EA63E00B17DB4 /* SampleCoordinator.swift */ = {isa = PBXFileReference; lastKnownFileType = sourcecode.swift; path = SampleCoordinator.swift; sourceTree = "<group>"; };
		92F6C646234EA83F00B17DB4 /* CoordinatorFactory.swift */ = {isa = PBXFileReference; lastKnownFileType = sourcecode.swift; path = CoordinatorFactory.swift; sourceTree = "<group>"; };
		92F6C648234EA88700B17DB4 /* ViewControllerFactory.swift */ = {isa = PBXFileReference; lastKnownFileType = sourcecode.swift; path = ViewControllerFactory.swift; sourceTree = "<group>"; };
		92F6C64A234EA8DA00B17DB4 /* ViewModelFactory.swift */ = {isa = PBXFileReference; lastKnownFileType = sourcecode.swift; path = ViewModelFactory.swift; sourceTree = "<group>"; };
		92F6C64C234EA91B00B17DB4 /* ViewModel.swift */ = {isa = PBXFileReference; lastKnownFileType = sourcecode.swift; path = ViewModel.swift; sourceTree = "<group>"; };
		92F6C64E234EAA7800B17DB4 /* CoordinatorFactoryDev.swift */ = {isa = PBXFileReference; lastKnownFileType = sourcecode.swift; path = CoordinatorFactoryDev.swift; sourceTree = "<group>"; };
		92F6C650234EAA8F00B17DB4 /* ViewControllerFactoryDev.swift */ = {isa = PBXFileReference; lastKnownFileType = sourcecode.swift; path = ViewControllerFactoryDev.swift; sourceTree = "<group>"; };
		92F6C652234EAAA100B17DB4 /* ViewModelFactoryDev.swift */ = {isa = PBXFileReference; lastKnownFileType = sourcecode.swift; path = ViewModelFactoryDev.swift; sourceTree = "<group>"; };
		DDBF3C7467726DE5D5174B17 /* Pods-BabySleep.debug.xcconfig */ = {isa = PBXFileReference; includeInIndex = 1; lastKnownFileType = text.xcconfig; name = "Pods-BabySleep.debug.xcconfig"; path = "Target Support Files/Pods-BabySleep/Pods-BabySleep.debug.xcconfig"; sourceTree = "<group>"; };
		DF6852958183FD878FBB0D77 /* Pods_BabySleep.framework */ = {isa = PBXFileReference; explicitFileType = wrapper.framework; includeInIndex = 0; path = Pods_BabySleep.framework; sourceTree = BUILT_PRODUCTS_DIR; };
/* End PBXFileReference section */

/* Begin PBXFrameworksBuildPhase section */
		92578BD0234E57D50001510D /* Frameworks */ = {
			isa = PBXFrameworksBuildPhase;
			buildActionMask = 2147483647;
			files = (
				611ECF82420A4B4A8D704322 /* Pods_BabySleep.framework in Frameworks */,
			);
			runOnlyForDeploymentPostprocessing = 0;
		};
		92578BE6234E57D70001510D /* Frameworks */ = {
			isa = PBXFrameworksBuildPhase;
			buildActionMask = 2147483647;
			files = (
				214F2DB0C9C0C1F26A8E3E7D /* Pods_BabySleepTests.framework in Frameworks */,
			);
			runOnlyForDeploymentPostprocessing = 0;
		};
/* End PBXFrameworksBuildPhase section */

/* Begin PBXGroup section */
		698EB6C023641CA300D46EC2 /* PageController */ = {
			isa = PBXGroup;
			children = (
				698EB6C123641CE000D46EC2 /* WalkthroughPageViewController.swift */,
				69E62AB62369588D0008A1AD /* WalkthroughViewController.swift */,
				698EB6C323641D3B00D46EC2 /* PageModel.swift */,
			);
			path = PageController;
			sourceTree = "<group>";
		};
		92578BCA234E57D50001510D = {
			isa = PBXGroup;
			children = (
				92578BD5234E57D50001510D /* BabySleep */,
				92578BEC234E57D70001510D /* BabySleepTests */,
				92578BD4234E57D50001510D /* Products */,
				C51B4055A7AEC9FAAB2BC223 /* Pods */,
				E7D2155D74B20F0EB095438D /* Frameworks */,
			);
			sourceTree = "<group>";
		};
		92578BD4234E57D50001510D /* Products */ = {
			isa = PBXGroup;
			children = (
				92578BD3234E57D50001510D /* BabySleep.app */,
				92578BE9234E57D70001510D /* BabySleepTests.xctest */,
			);
			name = Products;
			sourceTree = "<group>";
		};
		92578BD5234E57D50001510D /* BabySleep */ = {
			isa = PBXGroup;
			children = (
				92F6C62C234E7C5600B17DB4 /* Application */,
				92F6C635234E7DAE00B17DB4 /* Resources */,
			);
			path = BabySleep;
			sourceTree = "<group>";
		};
		92578BEC234E57D70001510D /* BabySleepTests */ = {
			isa = PBXGroup;
			children = (
				92578BED234E57D70001510D /* BabySleepTests.swift */,
				92578BEF234E57D70001510D /* Info.plist */,
			);
			path = BabySleepTests;
			sourceTree = "<group>";
		};
		92A68849234EB0240030A84D /* Another VC1 */ = {
			isa = PBXGroup;
			children = (
				92A6884A234EB0470030A84D /* AnotherViewController.swift */,
				92A6884C234EB0580030A84D /* AnotherViewModel.swift */,
			);
			path = "Another VC1";
			sourceTree = "<group>";
		};
		92F6C62C234E7C5600B17DB4 /* Application */ = {
			isa = PBXGroup;
			children = (
				92F6C62D234E7C7800B17DB4 /* Common */,
				92F6C634234E7D6800B17DB4 /* Flow */,
				92F6C633234E7D5900B17DB4 /* Entities */,
			);
			path = Application;
			sourceTree = "<group>";
		};
		92F6C62D234E7C7800B17DB4 /* Common */ = {
			isa = PBXGroup;
			children = (
				92578BD6234E57D50001510D /* AppDelegate.swift */,
				92F6C62E234E7C9B00B17DB4 /* Extensions */,
				92F6C62F234E7CAF00B17DB4 /* Lib */,
				92F6C632234E7D0800B17DB4 /* DBAccess */,
				92F6C631234E7CF000B17DB4 /* Coordinators */,
				92F6C630234E7CE200B17DB4 /* Factories */,
			);
			path = Common;
			sourceTree = "<group>";
		};
		92F6C62E234E7C9B00B17DB4 /* Extensions */ = {
			isa = PBXGroup;
			children = (
			);
			path = Extensions;
			sourceTree = "<group>";
		};
		92F6C62F234E7CAF00B17DB4 /* Lib */ = {
			isa = PBXGroup;
			children = (
				92F6C63B234EA36600B17DB4 /* Alert Center */,
				92F6C636234EA2B000B17DB4 /* RealmAccess.swift */,
			);
			path = Lib;
			sourceTree = "<group>";
		};
		92F6C630234E7CE200B17DB4 /* Factories */ = {
			isa = PBXGroup;
			children = (
				92F6C644234EA7E500B17DB4 /* Protocols */,
				92F6C645234EA7FC00B17DB4 /* Develop Implementation */,
			);
			path = Factories;
			sourceTree = "<group>";
		};
		92F6C631234E7CF000B17DB4 /* Coordinators */ = {
			isa = PBXGroup;
			children = (
				92F6C641234EA63E00B17DB4 /* SampleCoordinator.swift */,
			);
			path = Coordinators;
			sourceTree = "<group>";
		};
		92F6C632234E7D0800B17DB4 /* DBAccess */ = {
			isa = PBXGroup;
			children = (
				92F6C638234EA33A00B17DB4 /* Protocols */,
			);
			path = DBAccess;
			sourceTree = "<group>";
		};
		92F6C633234E7D5900B17DB4 /* Entities */ = {
			isa = PBXGroup;
			children = (
			);
			path = Entities;
			sourceTree = "<group>";
		};
		92F6C634234E7D6800B17DB4 /* Flow */ = {
			isa = PBXGroup;
			children = (
				698EB6C023641CA300D46EC2 /* PageController */,
				92F6C643234EA6CF00B17DB4 /* VC1 */,
				92A68849234EB0240030A84D /* Another VC1 */,
			);
			path = Flow;
			sourceTree = "<group>";
		};
		92F6C635234E7DAE00B17DB4 /* Resources */ = {
			isa = PBXGroup;
			children = (
				92578BDF234E57D70001510D /* Assets.xcassets */,
				925749C22355DBB100E8D22B /* GoogleService-Info.plist */,
				92578BE4234E57D70001510D /* Info.plist */,
			);
			path = Resources;
			sourceTree = "<group>";
		};
		92F6C638234EA33A00B17DB4 /* Protocols */ = {
			isa = PBXGroup;
			children = (
				92F6C639234EA34800B17DB4 /* Identifiable.swift */,
			);
			path = Protocols;
			sourceTree = "<group>";
		};
		92F6C63B234EA36600B17DB4 /* Alert Center */ = {
			isa = PBXGroup;
			children = (
				92F6C63C234EA3BC00B17DB4 /* AlertCenter.swift */,
				92F6C63E234EA3F400B17DB4 /* NotificationAlertType.swift */,
			);
			path = "Alert Center";
			sourceTree = "<group>";
		};
		92F6C643234EA6CF00B17DB4 /* VC1 */ = {
			isa = PBXGroup;
			children = (
				92578BDA234E57D50001510D /* ViewController.swift */,
				92F6C64C234EA91B00B17DB4 /* ViewModel.swift */,
			);
			path = VC1;
			sourceTree = "<group>";
		};
		92F6C644234EA7E500B17DB4 /* Protocols */ = {
			isa = PBXGroup;
			children = (
				92F6C646234EA83F00B17DB4 /* CoordinatorFactory.swift */,
				92F6C648234EA88700B17DB4 /* ViewControllerFactory.swift */,
				92F6C64A234EA8DA00B17DB4 /* ViewModelFactory.swift */,
			);
			path = Protocols;
			sourceTree = "<group>";
		};
		92F6C645234EA7FC00B17DB4 /* Develop Implementation */ = {
			isa = PBXGroup;
			children = (
				92F6C64E234EAA7800B17DB4 /* CoordinatorFactoryDev.swift */,
				92F6C650234EAA8F00B17DB4 /* ViewControllerFactoryDev.swift */,
				92F6C652234EAAA100B17DB4 /* ViewModelFactoryDev.swift */,
			);
			path = "Develop Implementation";
			sourceTree = "<group>";
		};
		C51B4055A7AEC9FAAB2BC223 /* Pods */ = {
			isa = PBXGroup;
			children = (
				DDBF3C7467726DE5D5174B17 /* Pods-BabySleep.debug.xcconfig */,
				1F28BE80B5ACDB2CBC2330E4 /* Pods-BabySleep.release.xcconfig */,
				8D1ACA6541F2205D401701CF /* Pods-BabySleepTests.debug.xcconfig */,
				038B3E0052113C311233C886 /* Pods-BabySleepTests.release.xcconfig */,
			);
			path = Pods;
			sourceTree = "<group>";
		};
		E7D2155D74B20F0EB095438D /* Frameworks */ = {
			isa = PBXGroup;
			children = (
				DF6852958183FD878FBB0D77 /* Pods_BabySleep.framework */,
				1A5DE871D5B07CDA17D165BA /* Pods_BabySleepTests.framework */,
			);
			name = Frameworks;
			sourceTree = "<group>";
		};
/* End PBXGroup section */

/* Begin PBXNativeTarget section */
		92578BD2234E57D50001510D /* BabySleep */ = {
			isa = PBXNativeTarget;
			buildConfigurationList = 92578BF2234E57D70001510D /* Build configuration list for PBXNativeTarget "BabySleep" */;
			buildPhases = (
				C6E58A12C4D7BD727D8AC73A /* [CP] Check Pods Manifest.lock */,
				92578BCF234E57D50001510D /* Sources */,
				92578BD0234E57D50001510D /* Frameworks */,
				92578BD1234E57D50001510D /* Resources */,
				4DB3FE42C9D9FD7516CDF95A /* [CP] Embed Pods Frameworks */,
				92F6C640234EA53700B17DB4 /* ShellScript */,
				92AB0C132355DFF5004B3FF5 /* ShellScript */,
			);
			buildRules = (
			);
			dependencies = (
			);
			name = BabySleep;
			productName = BabySleep;
			productReference = 92578BD3234E57D50001510D /* BabySleep.app */;
			productType = "com.apple.product-type.application";
		};
		92578BE8234E57D70001510D /* BabySleepTests */ = {
			isa = PBXNativeTarget;
			buildConfigurationList = 92578BF5234E57D70001510D /* Build configuration list for PBXNativeTarget "BabySleepTests" */;
			buildPhases = (
				B53450C3DE1C76777E3C72EA /* [CP] Check Pods Manifest.lock */,
				92578BE5234E57D70001510D /* Sources */,
				92578BE6234E57D70001510D /* Frameworks */,
				92578BE7234E57D70001510D /* Resources */,
				976F7B9BEB7F362493B0A62D /* [CP] Embed Pods Frameworks */,
			);
			buildRules = (
			);
			dependencies = (
				92578BEB234E57D70001510D /* PBXTargetDependency */,
			);
			name = BabySleepTests;
			productName = BabySleepTests;
			productReference = 92578BE9234E57D70001510D /* BabySleepTests.xctest */;
			productType = "com.apple.product-type.bundle.unit-test";
		};
/* End PBXNativeTarget section */

/* Begin PBXProject section */
		92578BCB234E57D50001510D /* Project object */ = {
			isa = PBXProject;
			attributes = {
				LastSwiftUpdateCheck = 1100;
				LastUpgradeCheck = 1100;
				ORGANIZATIONNAME = "Денис Львович";
				TargetAttributes = {
					92578BD2234E57D50001510D = {
						CreatedOnToolsVersion = 11.0;
					};
					92578BE8234E57D70001510D = {
						CreatedOnToolsVersion = 11.0;
						TestTargetID = 92578BD2234E57D50001510D;
					};
				};
			};
			buildConfigurationList = 92578BCE234E57D50001510D /* Build configuration list for PBXProject "BabySleep" */;
			compatibilityVersion = "Xcode 9.3";
			developmentRegion = en;
			hasScannedForEncodings = 0;
			knownRegions = (
				en,
				Base,
			);
			mainGroup = 92578BCA234E57D50001510D;
			productRefGroup = 92578BD4234E57D50001510D /* Products */;
			projectDirPath = "";
			projectRoot = "";
			targets = (
				92578BD2234E57D50001510D /* BabySleep */,
				92578BE8234E57D70001510D /* BabySleepTests */,
			);
		};
/* End PBXProject section */

/* Begin PBXResourcesBuildPhase section */
		92578BD1234E57D50001510D /* Resources */ = {
			isa = PBXResourcesBuildPhase;
			buildActionMask = 2147483647;
			files = (
				92578BE0234E57D70001510D /* Assets.xcassets in Resources */,
				925749C32355DBB200E8D22B /* GoogleService-Info.plist in Resources */,
			);
			runOnlyForDeploymentPostprocessing = 0;
		};
		92578BE7234E57D70001510D /* Resources */ = {
			isa = PBXResourcesBuildPhase;
			buildActionMask = 2147483647;
			files = (
			);
			runOnlyForDeploymentPostprocessing = 0;
		};
/* End PBXResourcesBuildPhase section */

/* Begin PBXShellScriptBuildPhase section */
		4DB3FE42C9D9FD7516CDF95A /* [CP] Embed Pods Frameworks */ = {
			isa = PBXShellScriptBuildPhase;
			buildActionMask = 2147483647;
			files = (
			);
			inputFileListPaths = (
				"${PODS_ROOT}/Target Support Files/Pods-BabySleep/Pods-BabySleep-frameworks-${CONFIGURATION}-input-files.xcfilelist",
			);
			name = "[CP] Embed Pods Frameworks";
			outputFileListPaths = (
				"${PODS_ROOT}/Target Support Files/Pods-BabySleep/Pods-BabySleep-frameworks-${CONFIGURATION}-output-files.xcfilelist",
			);
			runOnlyForDeploymentPostprocessing = 0;
			shellPath = /bin/sh;
			shellScript = "\"${PODS_ROOT}/Target Support Files/Pods-BabySleep/Pods-BabySleep-frameworks.sh\"\n";
			showEnvVarsInLog = 0;
		};
		92AB0C132355DFF5004B3FF5 /* ShellScript */ = {
			isa = PBXShellScriptBuildPhase;
			buildActionMask = 2147483647;
			files = (
			);
			inputFileListPaths = (
			);
			inputPaths = (
			);
			outputFileListPaths = (
			);
			outputPaths = (
			);
			runOnlyForDeploymentPostprocessing = 0;
			shellPath = /bin/sh;
			shellScript = "# Type a script or drag a script file from your workspace to insert its path.\n\"${PODS_ROOT}/Fabric/run\"\n";
		};
		92F6C640234EA53700B17DB4 /* ShellScript */ = {
			isa = PBXShellScriptBuildPhase;
			buildActionMask = 2147483647;
			files = (
			);
			inputFileListPaths = (
			);
			inputPaths = (
			);
			outputFileListPaths = (
			);
			outputPaths = (
			);
			runOnlyForDeploymentPostprocessing = 0;
			shellPath = /bin/sh;
			shellScript = "# Type a script or drag a script file from your workspace to insert its path.\n\"${PODS_ROOT}/SwiftLint/swiftlint\"\n";
		};
		976F7B9BEB7F362493B0A62D /* [CP] Embed Pods Frameworks */ = {
			isa = PBXShellScriptBuildPhase;
			buildActionMask = 2147483647;
			files = (
			);
			inputFileListPaths = (
				"${PODS_ROOT}/Target Support Files/Pods-BabySleepTests/Pods-BabySleepTests-frameworks-${CONFIGURATION}-input-files.xcfilelist",
			);
			name = "[CP] Embed Pods Frameworks";
			outputFileListPaths = (
				"${PODS_ROOT}/Target Support Files/Pods-BabySleepTests/Pods-BabySleepTests-frameworks-${CONFIGURATION}-output-files.xcfilelist",
			);
			runOnlyForDeploymentPostprocessing = 0;
			shellPath = /bin/sh;
			shellScript = "\"${PODS_ROOT}/Target Support Files/Pods-BabySleepTests/Pods-BabySleepTests-frameworks.sh\"\n";
			showEnvVarsInLog = 0;
		};
		B53450C3DE1C76777E3C72EA /* [CP] Check Pods Manifest.lock */ = {
			isa = PBXShellScriptBuildPhase;
			buildActionMask = 2147483647;
			files = (
			);
			inputFileListPaths = (
			);
			inputPaths = (
				"${PODS_PODFILE_DIR_PATH}/Podfile.lock",
				"${PODS_ROOT}/Manifest.lock",
			);
			name = "[CP] Check Pods Manifest.lock";
			outputFileListPaths = (
			);
			outputPaths = (
				"$(DERIVED_FILE_DIR)/Pods-BabySleepTests-checkManifestLockResult.txt",
			);
			runOnlyForDeploymentPostprocessing = 0;
			shellPath = /bin/sh;
			shellScript = "diff \"${PODS_PODFILE_DIR_PATH}/Podfile.lock\" \"${PODS_ROOT}/Manifest.lock\" > /dev/null\nif [ $? != 0 ] ; then\n    # print error to STDERR\n    echo \"error: The sandbox is not in sync with the Podfile.lock. Run 'pod install' or update your CocoaPods installation.\" >&2\n    exit 1\nfi\n# This output is used by Xcode 'outputs' to avoid re-running this script phase.\necho \"SUCCESS\" > \"${SCRIPT_OUTPUT_FILE_0}\"\n";
			showEnvVarsInLog = 0;
		};
		C6E58A12C4D7BD727D8AC73A /* [CP] Check Pods Manifest.lock */ = {
			isa = PBXShellScriptBuildPhase;
			buildActionMask = 2147483647;
			files = (
			);
			inputFileListPaths = (
			);
			inputPaths = (
				"${PODS_PODFILE_DIR_PATH}/Podfile.lock",
				"${PODS_ROOT}/Manifest.lock",
			);
			name = "[CP] Check Pods Manifest.lock";
			outputFileListPaths = (
			);
			outputPaths = (
				"$(DERIVED_FILE_DIR)/Pods-BabySleep-checkManifestLockResult.txt",
			);
			runOnlyForDeploymentPostprocessing = 0;
			shellPath = /bin/sh;
			shellScript = "diff \"${PODS_PODFILE_DIR_PATH}/Podfile.lock\" \"${PODS_ROOT}/Manifest.lock\" > /dev/null\nif [ $? != 0 ] ; then\n    # print error to STDERR\n    echo \"error: The sandbox is not in sync with the Podfile.lock. Run 'pod install' or update your CocoaPods installation.\" >&2\n    exit 1\nfi\n# This output is used by Xcode 'outputs' to avoid re-running this script phase.\necho \"SUCCESS\" > \"${SCRIPT_OUTPUT_FILE_0}\"\n";
			showEnvVarsInLog = 0;
		};
/* End PBXShellScriptBuildPhase section */

/* Begin PBXSourcesBuildPhase section */
		92578BCF234E57D50001510D /* Sources */ = {
			isa = PBXSourcesBuildPhase;
			buildActionMask = 2147483647;
			files = (
				92578BDB234E57D50001510D /* ViewController.swift in Sources */,
				92F6C653234EAAA100B17DB4 /* ViewModelFactoryDev.swift in Sources */,
				92F6C64F234EAA7800B17DB4 /* CoordinatorFactoryDev.swift in Sources */,
				92F6C651234EAA8F00B17DB4 /* ViewControllerFactoryDev.swift in Sources */,
				698EB6C423641D3B00D46EC2 /* PageModel.swift in Sources */,
				92F6C64D234EA91B00B17DB4 /* ViewModel.swift in Sources */,
				92F6C642234EA63E00B17DB4 /* SampleCoordinator.swift in Sources */,
				69E62AB72369588D0008A1AD /* WalkthroughViewController.swift in Sources */,
				92F6C63A234EA34800B17DB4 /* Identifiable.swift in Sources */,
				698EB6C223641CE100D46EC2 /* WalkthroughPageViewController.swift in Sources */,
				92F6C64B234EA8DA00B17DB4 /* ViewModelFactory.swift in Sources */,
				92F6C649234EA88700B17DB4 /* ViewControllerFactory.swift in Sources */,
				92F6C637234EA2B000B17DB4 /* RealmAccess.swift in Sources */,
				92578BD7234E57D50001510D /* AppDelegate.swift in Sources */,
				92A6884B234EB0470030A84D /* AnotherViewController.swift in Sources */,
				92F6C63D234EA3BC00B17DB4 /* AlertCenter.swift in Sources */,
				92F6C63F234EA3F400B17DB4 /* NotificationAlertType.swift in Sources */,
				92A6884D234EB0580030A84D /* AnotherViewModel.swift in Sources */,
				92F6C647234EA83F00B17DB4 /* CoordinatorFactory.swift in Sources */,
			);
			runOnlyForDeploymentPostprocessing = 0;
		};
		92578BE5234E57D70001510D /* Sources */ = {
			isa = PBXSourcesBuildPhase;
			buildActionMask = 2147483647;
			files = (
				92578BEE234E57D70001510D /* BabySleepTests.swift in Sources */,
			);
			runOnlyForDeploymentPostprocessing = 0;
		};
/* End PBXSourcesBuildPhase section */

/* Begin PBXTargetDependency section */
		92578BEB234E57D70001510D /* PBXTargetDependency */ = {
			isa = PBXTargetDependency;
			target = 92578BD2234E57D50001510D /* BabySleep */;
			targetProxy = 92578BEA234E57D70001510D /* PBXContainerItemProxy */;
		};
/* End PBXTargetDependency section */

/* Begin XCBuildConfiguration section */
		92578BF0234E57D70001510D /* Debug */ = {
			isa = XCBuildConfiguration;
			buildSettings = {
				ALWAYS_SEARCH_USER_PATHS = NO;
				CLANG_ANALYZER_NONNULL = YES;
				CLANG_ANALYZER_NUMBER_OBJECT_CONVERSION = YES_AGGRESSIVE;
				CLANG_CXX_LANGUAGE_STANDARD = "gnu++14";
				CLANG_CXX_LIBRARY = "libc++";
				CLANG_ENABLE_MODULES = YES;
				CLANG_ENABLE_OBJC_ARC = YES;
				CLANG_ENABLE_OBJC_WEAK = YES;
				CLANG_WARN_BLOCK_CAPTURE_AUTORELEASING = YES;
				CLANG_WARN_BOOL_CONVERSION = YES;
				CLANG_WARN_COMMA = YES;
				CLANG_WARN_CONSTANT_CONVERSION = YES;
				CLANG_WARN_DEPRECATED_OBJC_IMPLEMENTATIONS = YES;
				CLANG_WARN_DIRECT_OBJC_ISA_USAGE = YES_ERROR;
				CLANG_WARN_DOCUMENTATION_COMMENTS = YES;
				CLANG_WARN_EMPTY_BODY = YES;
				CLANG_WARN_ENUM_CONVERSION = YES;
				CLANG_WARN_INFINITE_RECURSION = YES;
				CLANG_WARN_INT_CONVERSION = YES;
				CLANG_WARN_NON_LITERAL_NULL_CONVERSION = YES;
				CLANG_WARN_OBJC_IMPLICIT_RETAIN_SELF = YES;
				CLANG_WARN_OBJC_LITERAL_CONVERSION = YES;
				CLANG_WARN_OBJC_ROOT_CLASS = YES_ERROR;
				CLANG_WARN_RANGE_LOOP_ANALYSIS = YES;
				CLANG_WARN_STRICT_PROTOTYPES = YES;
				CLANG_WARN_SUSPICIOUS_MOVE = YES;
				CLANG_WARN_UNGUARDED_AVAILABILITY = YES_AGGRESSIVE;
				CLANG_WARN_UNREACHABLE_CODE = YES;
				CLANG_WARN__DUPLICATE_METHOD_MATCH = YES;
				COPY_PHASE_STRIP = NO;
				DEBUG_INFORMATION_FORMAT = dwarf;
				ENABLE_STRICT_OBJC_MSGSEND = YES;
				ENABLE_TESTABILITY = YES;
				GCC_C_LANGUAGE_STANDARD = gnu11;
				GCC_DYNAMIC_NO_PIC = NO;
				GCC_NO_COMMON_BLOCKS = YES;
				GCC_OPTIMIZATION_LEVEL = 0;
				GCC_PREPROCESSOR_DEFINITIONS = (
					"DEBUG=1",
					"$(inherited)",
				);
				GCC_WARN_64_TO_32_BIT_CONVERSION = YES;
				GCC_WARN_ABOUT_RETURN_TYPE = YES_ERROR;
				GCC_WARN_UNDECLARED_SELECTOR = YES;
				GCC_WARN_UNINITIALIZED_AUTOS = YES_AGGRESSIVE;
				GCC_WARN_UNUSED_FUNCTION = YES;
				GCC_WARN_UNUSED_VARIABLE = YES;
				IPHONEOS_DEPLOYMENT_TARGET = 13.0;
				MTL_ENABLE_DEBUG_INFO = INCLUDE_SOURCE;
				MTL_FAST_MATH = YES;
				ONLY_ACTIVE_ARCH = YES;
				SDKROOT = iphoneos;
				SWIFT_ACTIVE_COMPILATION_CONDITIONS = DEBUG;
				SWIFT_OPTIMIZATION_LEVEL = "-Onone";
			};
			name = Debug;
		};
		92578BF1234E57D70001510D /* Release */ = {
			isa = XCBuildConfiguration;
			buildSettings = {
				ALWAYS_SEARCH_USER_PATHS = NO;
				CLANG_ANALYZER_NONNULL = YES;
				CLANG_ANALYZER_NUMBER_OBJECT_CONVERSION = YES_AGGRESSIVE;
				CLANG_CXX_LANGUAGE_STANDARD = "gnu++14";
				CLANG_CXX_LIBRARY = "libc++";
				CLANG_ENABLE_MODULES = YES;
				CLANG_ENABLE_OBJC_ARC = YES;
				CLANG_ENABLE_OBJC_WEAK = YES;
				CLANG_WARN_BLOCK_CAPTURE_AUTORELEASING = YES;
				CLANG_WARN_BOOL_CONVERSION = YES;
				CLANG_WARN_COMMA = YES;
				CLANG_WARN_CONSTANT_CONVERSION = YES;
				CLANG_WARN_DEPRECATED_OBJC_IMPLEMENTATIONS = YES;
				CLANG_WARN_DIRECT_OBJC_ISA_USAGE = YES_ERROR;
				CLANG_WARN_DOCUMENTATION_COMMENTS = YES;
				CLANG_WARN_EMPTY_BODY = YES;
				CLANG_WARN_ENUM_CONVERSION = YES;
				CLANG_WARN_INFINITE_RECURSION = YES;
				CLANG_WARN_INT_CONVERSION = YES;
				CLANG_WARN_NON_LITERAL_NULL_CONVERSION = YES;
				CLANG_WARN_OBJC_IMPLICIT_RETAIN_SELF = YES;
				CLANG_WARN_OBJC_LITERAL_CONVERSION = YES;
				CLANG_WARN_OBJC_ROOT_CLASS = YES_ERROR;
				CLANG_WARN_RANGE_LOOP_ANALYSIS = YES;
				CLANG_WARN_STRICT_PROTOTYPES = YES;
				CLANG_WARN_SUSPICIOUS_MOVE = YES;
				CLANG_WARN_UNGUARDED_AVAILABILITY = YES_AGGRESSIVE;
				CLANG_WARN_UNREACHABLE_CODE = YES;
				CLANG_WARN__DUPLICATE_METHOD_MATCH = YES;
				COPY_PHASE_STRIP = NO;
				DEBUG_INFORMATION_FORMAT = "dwarf-with-dsym";
				ENABLE_NS_ASSERTIONS = NO;
				ENABLE_STRICT_OBJC_MSGSEND = YES;
				GCC_C_LANGUAGE_STANDARD = gnu11;
				GCC_NO_COMMON_BLOCKS = YES;
				GCC_WARN_64_TO_32_BIT_CONVERSION = YES;
				GCC_WARN_ABOUT_RETURN_TYPE = YES_ERROR;
				GCC_WARN_UNDECLARED_SELECTOR = YES;
				GCC_WARN_UNINITIALIZED_AUTOS = YES_AGGRESSIVE;
				GCC_WARN_UNUSED_FUNCTION = YES;
				GCC_WARN_UNUSED_VARIABLE = YES;
				IPHONEOS_DEPLOYMENT_TARGET = 13.0;
				MTL_ENABLE_DEBUG_INFO = NO;
				MTL_FAST_MATH = YES;
				SDKROOT = iphoneos;
				SWIFT_COMPILATION_MODE = wholemodule;
				SWIFT_OPTIMIZATION_LEVEL = "-O";
				VALIDATE_PRODUCT = YES;
			};
			name = Release;
		};
		92578BF3234E57D70001510D /* Debug */ = {
			isa = XCBuildConfiguration;
			baseConfigurationReference = DDBF3C7467726DE5D5174B17 /* Pods-BabySleep.debug.xcconfig */;
			buildSettings = {
				ASSETCATALOG_COMPILER_APPICON_NAME = AppIcon;
				CODE_SIGN_STYLE = Automatic;
				DEVELOPMENT_TEAM = "";
				INFOPLIST_FILE = BabySleep/Resources/Info.plist;
				IPHONEOS_DEPLOYMENT_TARGET = 12.4;
				LD_RUNPATH_SEARCH_PATHS = (
					"$(inherited)",
					"@executable_path/Frameworks",
				);
				PRODUCT_BUNDLE_IDENTIFIER = ru.techranch.BabySleep;
				PRODUCT_NAME = "$(TARGET_NAME)";
				SWIFT_VERSION = 5.0;
				TARGETED_DEVICE_FAMILY = 1;
			};
			name = Debug;
		};
		92578BF4234E57D70001510D /* Release */ = {
			isa = XCBuildConfiguration;
			baseConfigurationReference = 1F28BE80B5ACDB2CBC2330E4 /* Pods-BabySleep.release.xcconfig */;
			buildSettings = {
				ASSETCATALOG_COMPILER_APPICON_NAME = AppIcon;
				CODE_SIGN_STYLE = Automatic;
				DEVELOPMENT_TEAM = "";
				INFOPLIST_FILE = BabySleep/Resources/Info.plist;
				IPHONEOS_DEPLOYMENT_TARGET = 12.4;
				LD_RUNPATH_SEARCH_PATHS = (
					"$(inherited)",
					"@executable_path/Frameworks",
				);
				PRODUCT_BUNDLE_IDENTIFIER = ru.techranch.BabySleep;
				PRODUCT_NAME = "$(TARGET_NAME)";
				SWIFT_VERSION = 5.0;
				TARGETED_DEVICE_FAMILY = 1;
			};
			name = Release;
		};
		92578BF6234E57D70001510D /* Debug */ = {
			isa = XCBuildConfiguration;
			baseConfigurationReference = 8D1ACA6541F2205D401701CF /* Pods-BabySleepTests.debug.xcconfig */;
			buildSettings = {
				BUNDLE_LOADER = "$(TEST_HOST)";
				CODE_SIGN_STYLE = Automatic;
				DEVELOPMENT_TEAM = Y6G74A59K6;
				INFOPLIST_FILE = BabySleepTests/Info.plist;
				IPHONEOS_DEPLOYMENT_TARGET = 13.0;
				LD_RUNPATH_SEARCH_PATHS = (
					"$(inherited)",
					"@executable_path/Frameworks",
					"@loader_path/Frameworks",
				);
				PRODUCT_BUNDLE_IDENTIFIER = ru.techranch.BabySleepTests;
				PRODUCT_NAME = "$(TARGET_NAME)";
				SWIFT_VERSION = 5.0;
				TARGETED_DEVICE_FAMILY = "1,2";
				TEST_HOST = "$(BUILT_PRODUCTS_DIR)/BabySleep.app/BabySleep";
			};
			name = Debug;
		};
		92578BF7234E57D70001510D /* Release */ = {
			isa = XCBuildConfiguration;
			baseConfigurationReference = 038B3E0052113C311233C886 /* Pods-BabySleepTests.release.xcconfig */;
			buildSettings = {
				BUNDLE_LOADER = "$(TEST_HOST)";
				CODE_SIGN_STYLE = Automatic;
				DEVELOPMENT_TEAM = Y6G74A59K6;
				INFOPLIST_FILE = BabySleepTests/Info.plist;
				IPHONEOS_DEPLOYMENT_TARGET = 13.0;
				LD_RUNPATH_SEARCH_PATHS = (
					"$(inherited)",
					"@executable_path/Frameworks",
					"@loader_path/Frameworks",
				);
				PRODUCT_BUNDLE_IDENTIFIER = ru.techranch.BabySleepTests;
				PRODUCT_NAME = "$(TARGET_NAME)";
				SWIFT_VERSION = 5.0;
				TARGETED_DEVICE_FAMILY = "1,2";
				TEST_HOST = "$(BUILT_PRODUCTS_DIR)/BabySleep.app/BabySleep";
			};
			name = Release;
		};
/* End XCBuildConfiguration section */

/* Begin XCConfigurationList section */
		92578BCE234E57D50001510D /* Build configuration list for PBXProject "BabySleep" */ = {
			isa = XCConfigurationList;
			buildConfigurations = (
				92578BF0234E57D70001510D /* Debug */,
				92578BF1234E57D70001510D /* Release */,
			);
			defaultConfigurationIsVisible = 0;
			defaultConfigurationName = Release;
		};
		92578BF2234E57D70001510D /* Build configuration list for PBXNativeTarget "BabySleep" */ = {
			isa = XCConfigurationList;
			buildConfigurations = (
				92578BF3234E57D70001510D /* Debug */,
				92578BF4234E57D70001510D /* Release */,
			);
			defaultConfigurationIsVisible = 0;
			defaultConfigurationName = Release;
		};
		92578BF5234E57D70001510D /* Build configuration list for PBXNativeTarget "BabySleepTests" */ = {
			isa = XCConfigurationList;
			buildConfigurations = (
				92578BF6234E57D70001510D /* Debug */,
				92578BF7234E57D70001510D /* Release */,
			);
			defaultConfigurationIsVisible = 0;
			defaultConfigurationName = Release;
		};
/* End XCConfigurationList section */
	};
	rootObject = 92578BCB234E57D50001510D /* Project object */;
}
